// !$*UTF8*$!
{
	archiveVersion = 1;
	classes = {
	};
	objectVersion = 46;
	objects = {

/* Begin PBXBuildFile section */
		D2F3CF47193FD37600618D63 /* Foundation.framework in Frameworks */ = {isa = PBXBuildFile; fileRef = D2F3CF46193FD37600618D63 /* Foundation.framework */; };
		D2F3CF49193FD37600618D63 /* CoreGraphics.framework in Frameworks */ = {isa = PBXBuildFile; fileRef = D2F3CF48193FD37600618D63 /* CoreGraphics.framework */; };
		D2F3CF4B193FD37600618D63 /* UIKit.framework in Frameworks */ = {isa = PBXBuildFile; fileRef = D2F3CF4A193FD37600618D63 /* UIKit.framework */; };
		D2F3CF51193FD37600618D63 /* InfoPlist.strings in Resources */ = {isa = PBXBuildFile; fileRef = D2F3CF4F193FD37600618D63 /* InfoPlist.strings */; };
		D2F3CF53193FD37600618D63 /* main.m in Sources */ = {isa = PBXBuildFile; fileRef = D2F3CF52193FD37600618D63 /* main.m */; };
		D2F3CF57193FD37600618D63 /* MJHAppDelegate.m in Sources */ = {isa = PBXBuildFile; fileRef = D2F3CF56193FD37600618D63 /* MJHAppDelegate.m */; };
		D2F3CF59193FD37600618D63 /* Images.xcassets in Resources */ = {isa = PBXBuildFile; fileRef = D2F3CF58193FD37600618D63 /* Images.xcassets */; };
		D2F3CF60193FD37600618D63 /* XCTest.framework in Frameworks */ = {isa = PBXBuildFile; fileRef = D2F3CF5F193FD37600618D63 /* XCTest.framework */; };
		D2F3CF61193FD37600618D63 /* Foundation.framework in Frameworks */ = {isa = PBXBuildFile; fileRef = D2F3CF46193FD37600618D63 /* Foundation.framework */; };
		D2F3CF62193FD37600618D63 /* UIKit.framework in Frameworks */ = {isa = PBXBuildFile; fileRef = D2F3CF4A193FD37600618D63 /* UIKit.framework */; };
		D2F3CF6A193FD37600618D63 /* InfoPlist.strings in Resources */ = {isa = PBXBuildFile; fileRef = D2F3CF68193FD37600618D63 /* InfoPlist.strings */; };
		D2F3CF6C193FD37600618D63 /* SortDescriptorTests.m in Sources */ = {isa = PBXBuildFile; fileRef = D2F3CF6B193FD37600618D63 /* SortDescriptorTests.m */; };
/* End PBXBuildFile section */

/* Begin PBXContainerItemProxy section */
		D2F3CF63193FD37600618D63 /* PBXContainerItemProxy */ = {
			isa = PBXContainerItemProxy;
			containerPortal = D2F3CF3B193FD37600618D63 /* Project object */;
			proxyType = 1;
			remoteGlobalIDString = D2F3CF42193FD37600618D63;
			remoteInfo = SortDescriptor;
		};
/* End PBXContainerItemProxy section */

/* Begin PBXFileReference section */
		D2F3CF43193FD37600618D63 /* SortDescriptor.app */ = {isa = PBXFileReference; explicitFileType = wrapper.application; includeInIndex = 0; path = SortDescriptor.app; sourceTree = BUILT_PRODUCTS_DIR; };
		D2F3CF46193FD37600618D63 /* Foundation.framework */ = {isa = PBXFileReference; lastKnownFileType = wrapper.framework; name = Foundation.framework; path = System/Library/Frameworks/Foundation.framework; sourceTree = SDKROOT; };
		D2F3CF48193FD37600618D63 /* CoreGraphics.framework */ = {isa = PBXFileReference; lastKnownFileType = wrapper.framework; name = CoreGraphics.framework; path = System/Library/Frameworks/CoreGraphics.framework; sourceTree = SDKROOT; };
		D2F3CF4A193FD37600618D63 /* UIKit.framework */ = {isa = PBXFileReference; lastKnownFileType = wrapper.framework; name = UIKit.framework; path = System/Library/Frameworks/UIKit.framework; sourceTree = SDKROOT; };
		D2F3CF4E193FD37600618D63 /* SortDescriptor-Info.plist */ = {isa = PBXFileReference; lastKnownFileType = text.plist.xml; path = "SortDescriptor-Info.plist"; sourceTree = "<group>"; };
		D2F3CF50193FD37600618D63 /* en */ = {isa = PBXFileReference; lastKnownFileType = text.plist.strings; name = en; path = en.lproj/InfoPlist.strings; sourceTree = "<group>"; };
		D2F3CF52193FD37600618D63 /* main.m */ = {isa = PBXFileReference; lastKnownFileType = sourcecode.c.objc; path = main.m; sourceTree = "<group>"; };
		D2F3CF54193FD37600618D63 /* SortDescriptor-Prefix.pch */ = {isa = PBXFileReference; lastKnownFileType = sourcecode.c.h; path = "SortDescriptor-Prefix.pch"; sourceTree = "<group>"; };
		D2F3CF55193FD37600618D63 /* MJHAppDelegate.h */ = {isa = PBXFileReference; lastKnownFileType = sourcecode.c.h; path = MJHAppDelegate.h; sourceTree = "<group>"; };
		D2F3CF56193FD37600618D63 /* MJHAppDelegate.m */ = {isa = PBXFileReference; lastKnownFileType = sourcecode.c.objc; path = MJHAppDelegate.m; sourceTree = "<group>"; };
		D2F3CF58193FD37600618D63 /* Images.xcassets */ = {isa = PBXFileReference; lastKnownFileType = folder.assetcatalog; path = Images.xcassets; sourceTree = "<group>"; };
		D2F3CF5E193FD37600618D63 /* SortDescriptorTests.xctest */ = {isa = PBXFileReference; explicitFileType = wrapper.cfbundle; includeInIndex = 0; path = SortDescriptorTests.xctest; sourceTree = BUILT_PRODUCTS_DIR; };
		D2F3CF5F193FD37600618D63 /* XCTest.framework */ = {isa = PBXFileReference; lastKnownFileType = wrapper.framework; name = XCTest.framework; path = Library/Frameworks/XCTest.framework; sourceTree = DEVELOPER_DIR; };
		D2F3CF67193FD37600618D63 /* SortDescriptorTests-Info.plist */ = {isa = PBXFileReference; lastKnownFileType = text.plist.xml; path = "SortDescriptorTests-Info.plist"; sourceTree = "<group>"; };
		D2F3CF69193FD37600618D63 /* en */ = {isa = PBXFileReference; lastKnownFileType = text.plist.strings; name = en; path = en.lproj/InfoPlist.strings; sourceTree = "<group>"; };
		D2F3CF6B193FD37600618D63 /* SortDescriptorTests.m */ = {isa = PBXFileReference; lastKnownFileType = sourcecode.c.objc; path = SortDescriptorTests.m; sourceTree = "<group>"; };
/* End PBXFileReference section */

/* Begin PBXFrameworksBuildPhase section */
		D2F3CF40193FD37600618D63 /* Frameworks */ = {
			isa = PBXFrameworksBuildPhase;
			buildActionMask = 2147483647;
			files = (
				D2F3CF49193FD37600618D63 /* CoreGraphics.framework in Frameworks */,
				D2F3CF4B193FD37600618D63 /* UIKit.framework in Frameworks */,
				D2F3CF47193FD37600618D63 /* Foundation.framework in Frameworks */,
			);
			runOnlyForDeploymentPostprocessing = 0;
		};
		D2F3CF5B193FD37600618D63 /* Frameworks */ = {
			isa = PBXFrameworksBuildPhase;
			buildActionMask = 2147483647;
			files = (
				D2F3CF60193FD37600618D63 /* XCTest.framework in Frameworks */,
				D2F3CF62193FD37600618D63 /* UIKit.framework in Frameworks */,
				D2F3CF61193FD37600618D63 /* Foundation.framework in Frameworks */,
			);
			runOnlyForDeploymentPostprocessing = 0;
		};
/* End PBXFrameworksBuildPhase section */

/* Begin PBXGroup section */
		D2F3CF3A193FD37600618D63 = {
			isa = PBXGroup;
			children = (
				D2F3CF4C193FD37600618D63 /* SortDescriptor */,
				D2F3CF65193FD37600618D63 /* SortDescriptorTests */,
				D2F3CF45193FD37600618D63 /* Frameworks */,
				D2F3CF44193FD37600618D63 /* Products */,
			);
			sourceTree = "<group>";
		};
		D2F3CF44193FD37600618D63 /* Products */ = {
			isa = PBXGroup;
			children = (
				D2F3CF43193FD37600618D63 /* SortDescriptor.app */,
				D2F3CF5E193FD37600618D63 /* SortDescriptorTests.xctest */,
			);
			name = Products;
			sourceTree = "<group>";
		};
		D2F3CF45193FD37600618D63 /* Frameworks */ = {
			isa = PBXGroup;
			children = (
				D2F3CF46193FD37600618D63 /* Foundation.framework */,
				D2F3CF48193FD37600618D63 /* CoreGraphics.framework */,
				D2F3CF4A193FD37600618D63 /* UIKit.framework */,
				D2F3CF5F193FD37600618D63 /* XCTest.framework */,
			);
			name = Frameworks;
			sourceTree = "<group>";
		};
		D2F3CF4C193FD37600618D63 /* SortDescriptor */ = {
			isa = PBXGroup;
			children = (
				D2F3CF55193FD37600618D63 /* MJHAppDelegate.h */,
				D2F3CF56193FD37600618D63 /* MJHAppDelegate.m */,
				D2F3CF58193FD37600618D63 /* Images.xcassets */,
				D2F3CF4D193FD37600618D63 /* Supporting Files */,
			);
			path = SortDescriptor;
			sourceTree = "<group>";
		};
		D2F3CF4D193FD37600618D63 /* Supporting Files */ = {
			isa = PBXGroup;
			children = (
				D2F3CF4E193FD37600618D63 /* SortDescriptor-Info.plist */,
				D2F3CF4F193FD37600618D63 /* InfoPlist.strings */,
				D2F3CF52193FD37600618D63 /* main.m */,
				D2F3CF54193FD37600618D63 /* SortDescriptor-Prefix.pch */,
			);
			name = "Supporting Files";
			sourceTree = "<group>";
		};
		D2F3CF65193FD37600618D63 /* SortDescriptorTests */ = {
			isa = PBXGroup;
			children = (
				D2F3CF6B193FD37600618D63 /* SortDescriptorTests.m */,
				D2F3CF66193FD37600618D63 /* Supporting Files */,
			);
			path = SortDescriptorTests;
			sourceTree = "<group>";
		};
		D2F3CF66193FD37600618D63 /* Supporting Files */ = {
			isa = PBXGroup;
			children = (
				D2F3CF67193FD37600618D63 /* SortDescriptorTests-Info.plist */,
				D2F3CF68193FD37600618D63 /* InfoPlist.strings */,
			);
			name = "Supporting Files";
			sourceTree = "<group>";
		};
/* End PBXGroup section */

/* Begin PBXNativeTarget section */
		D2F3CF42193FD37600618D63 /* SortDescriptor */ = {
			isa = PBXNativeTarget;
			buildConfigurationList = D2F3CF6F193FD37600618D63 /* Build configuration list for PBXNativeTarget "SortDescriptor" */;
			buildPhases = (
				D2F3CF3F193FD37600618D63 /* Sources */,
				D2F3CF40193FD37600618D63 /* Frameworks */,
				D2F3CF41193FD37600618D63 /* Resources */,
			);
			buildRules = (
			);
			dependencies = (
			);
			name = SortDescriptor;
			productName = SortDescriptor;
			productReference = D2F3CF43193FD37600618D63 /* SortDescriptor.app */;
			productType = "com.apple.product-type.application";
		};
		D2F3CF5D193FD37600618D63 /* SortDescriptorTests */ = {
			isa = PBXNativeTarget;
			buildConfigurationList = D2F3CF72193FD37600618D63 /* Build configuration list for PBXNativeTarget "SortDescriptorTests" */;
			buildPhases = (
				D2F3CF5A193FD37600618D63 /* Sources */,
				D2F3CF5B193FD37600618D63 /* Frameworks */,
				D2F3CF5C193FD37600618D63 /* Resources */,
			);
			buildRules = (
			);
			dependencies = (
				D2F3CF64193FD37600618D63 /* PBXTargetDependency */,
			);
			name = SortDescriptorTests;
			productName = SortDescriptorTests;
			productReference = D2F3CF5E193FD37600618D63 /* SortDescriptorTests.xctest */;
			productType = "com.apple.product-type.bundle.unit-test";
		};
/* End PBXNativeTarget section */

/* Begin PBXProject section */
		D2F3CF3B193FD37600618D63 /* Project object */ = {
			isa = PBXProject;
			attributes = {
				CLASSPREFIX = MJH;
				LastUpgradeCheck = 0510;
				ORGANIZATIONNAME = "Here We Go";
				TargetAttributes = {
					D2F3CF5D193FD37600618D63 = {
						TestTargetID = D2F3CF42193FD37600618D63;
					};
				};
			};
			buildConfigurationList = D2F3CF3E193FD37600618D63 /* Build configuration list for PBXProject "SortDescriptor" */;
			compatibilityVersion = "Xcode 3.2";
			developmentRegion = English;
			hasScannedForEncodings = 0;
			knownRegions = (
				en,
			);
			mainGroup = D2F3CF3A193FD37600618D63;
			productRefGroup = D2F3CF44193FD37600618D63 /* Products */;
			projectDirPath = "";
			projectRoot = "";
			targets = (
				D2F3CF42193FD37600618D63 /* SortDescriptor */,
				D2F3CF5D193FD37600618D63 /* SortDescriptorTests */,
			);
		};
/* End PBXProject section */

/* Begin PBXResourcesBuildPhase section */
		D2F3CF41193FD37600618D63 /* Resources */ = {
			isa = PBXResourcesBuildPhase;
			buildActionMask = 2147483647;
			files = (
				D2F3CF51193FD37600618D63 /* InfoPlist.strings in Resources */,
				D2F3CF59193FD37600618D63 /* Images.xcassets in Resources */,
			);
			runOnlyForDeploymentPostprocessing = 0;
		};
		D2F3CF5C193FD37600618D63 /* Resources */ = {
			isa = PBXResourcesBuildPhase;
			buildActionMask = 2147483647;
			files = (
				D2F3CF6A193FD37600618D63 /* InfoPlist.strings in Resources */,
			);
			runOnlyForDeploymentPostprocessing = 0;
		};
/* End PBXResourcesBuildPhase section */

/* Begin PBXSourcesBuildPhase section */
		D2F3CF3F193FD37600618D63 /* Sources */ = {
			isa = PBXSourcesBuildPhase;
			buildActionMask = 2147483647;
			files = (
				D2F3CF57193FD37600618D63 /* MJHAppDelegate.m in Sources */,
				D2F3CF53193FD37600618D63 /* main.m in Sources */,
			);
			runOnlyForDeploymentPostprocessing = 0;
		};
		D2F3CF5A193FD37600618D63 /* Sources */ = {
			isa = PBXSourcesBuildPhase;
			buildActionMask = 2147483647;
			files = (
				D2F3CF6C193FD37600618D63 /* SortDescriptorTests.m in Sources */,
			);
			runOnlyForDeploymentPostprocessing = 0;
		};
/* End PBXSourcesBuildPhase section */

/* Begin PBXTargetDependency section */
		D2F3CF64193FD37600618D63 /* PBXTargetDependency */ = {
			isa = PBXTargetDependency;
			target = D2F3CF42193FD37600618D63 /* SortDescriptor */;
			targetProxy = D2F3CF63193FD37600618D63 /* PBXContainerItemProxy */;
		};
/* End PBXTargetDependency section */

/* Begin PBXVariantGroup section */
		D2F3CF4F193FD37600618D63 /* InfoPlist.strings */ = {
			isa = PBXVariantGroup;
			children = (
				D2F3CF50193FD37600618D63 /* en */,
			);
			name = InfoPlist.strings;
			sourceTree = "<group>";
		};
		D2F3CF68193FD37600618D63 /* InfoPlist.strings */ = {
			isa = PBXVariantGroup;
			children = (
				D2F3CF69193FD37600618D63 /* en */,
			);
			name = InfoPlist.strings;
			sourceTree = "<group>";
		};
/* End PBXVariantGroup section */

/* Begin XCBuildConfiguration section */
		D2F3CF6D193FD37600618D63 /* Debug */ = {
			isa = XCBuildConfiguration;
			buildSettings = {
				ALWAYS_SEARCH_USER_PATHS = NO;
				CLANG_CXX_LANGUAGE_STANDARD = "gnu++0x";
				CLANG_CXX_LIBRARY = "libc++";
				CLANG_ENABLE_MODULES = YES;
				CLANG_ENABLE_OBJC_ARC = YES;
				CLANG_WARN_BOOL_CONVERSION = YES;
				CLANG_WARN_CONSTANT_CONVERSION = YES;
				CLANG_WARN_DIRECT_OBJC_ISA_USAGE = YES_ERROR;
				CLANG_WARN_EMPTY_BODY = YES;
				CLANG_WARN_ENUM_CONVERSION = YES;
				CLANG_WARN_INT_CONVERSION = YES;
				CLANG_WARN_OBJC_ROOT_CLASS = YES_ERROR;
				CLANG_WARN__DUPLICATE_METHOD_MATCH = YES;
				"CODE_SIGN_IDENTITY[sdk=iphoneos*]" = "iPhone Developer";
				COPY_PHASE_STRIP = NO;
				GCC_C_LANGUAGE_STANDARD = gnu99;
				GCC_DYNAMIC_NO_PIC = NO;
				GCC_OPTIMIZATION_LEVEL = 0;
				GCC_PREPROCESSOR_DEFINITIONS = (
					"DEBUG=1",
					"$(inherited)",
				);
				GCC_SYMBOLS_PRIVATE_EXTERN = NO;
				GCC_WARN_64_TO_32_BIT_CONVERSION = YES;
				GCC_WARN_ABOUT_RETURN_TYPE = YES_ERROR;
				GCC_WARN_UNDECLARED_SELECTOR = YES;
				GCC_WARN_UNINITIALIZED_AUTOS = YES_AGGRESSIVE;
				GCC_WARN_UNUSED_FUNCTION = YES;
				GCC_WARN_UNUSED_VARIABLE = YES;
				IPHONEOS_DEPLOYMENT_TARGET = 7.1;
				ONLY_ACTIVE_ARCH = YES;
				SDKROOT = iphoneos;
			};
			name = Debug;
		};
		D2F3CF6E193FD37600618D63 /* Release */ = {
			isa = XCBuildConfiguration;
			buildSettings = {
				ALWAYS_SEARCH_USER_PATHS = NO;
				CLANG_CXX_LANGUAGE_STANDARD = "gnu++0x";
				CLANG_CXX_LIBRARY = "libc++";
				CLANG_ENABLE_MODULES = YES;
				CLANG_ENABLE_OBJC_ARC = YES;
				CLANG_WARN_BOOL_CONVERSION = YES;
				CLANG_WARN_CONSTANT_CONVERSION = YES;
				CLANG_WARN_DIRECT_OBJC_ISA_USAGE = YES_ERROR;
				CLANG_WARN_EMPTY_BODY = YES;
				CLANG_WARN_ENUM_CONVERSION = YES;
				CLANG_WARN_INT_CONVERSION = YES;
				CLANG_WARN_OBJC_ROOT_CLASS = YES_ERROR;
				CLANG_WARN__DUPLICATE_METHOD_MATCH = YES;
				"CODE_SIGN_IDENTITY[sdk=iphoneos*]" = "iPhone Developer";
				COPY_PHASE_STRIP = YES;
				ENABLE_NS_ASSERTIONS = NO;
				GCC_C_LANGUAGE_STANDARD = gnu99;
				GCC_WARN_64_TO_32_BIT_CONVERSION = YES;
				GCC_WARN_ABOUT_RETURN_TYPE = YES_ERROR;
				GCC_WARN_UNDECLARED_SELECTOR = YES;
				GCC_WARN_UNINITIALIZED_AUTOS = YES_AGGRESSIVE;
				GCC_WARN_UNUSED_FUNCTION = YES;
				GCC_WARN_UNUSED_VARIABLE = YES;
				IPHONEOS_DEPLOYMENT_TARGET = 7.1;
				SDKROOT = iphoneos;
				VALIDATE_PRODUCT = YES;
			};
			name = Release;
		};
		D2F3CF70193FD37600618D63 /* Debug */ = {
			isa = XCBuildConfiguration;
			buildSettings = {
				ASSETCATALOG_COMPILER_APPICON_NAME = AppIcon;
				ASSETCATALOG_COMPILER_LAUNCHIMAGE_NAME = LaunchImage;
				GCC_PRECOMPILE_PREFIX_HEADER = YES;
				GCC_PREFIX_HEADER = "SortDescriptor/SortDescriptor-Prefix.pch";
				INFOPLIST_FILE = "SortDescriptor/SortDescriptor-Info.plist";
				PRODUCT_NAME = "$(TARGET_NAME)";
				WRAPPER_EXTENSION = app;
			};
			name = Debug;
		};
		D2F3CF71193FD37600618D63 /* Release */ = {
			isa = XCBuildConfiguration;
			buildSettings = {
				ASSETCATALOG_COMPILER_APPICON_NAME = AppIcon;
				ASSETCATALOG_COMPILER_LAUNCHIMAGE_NAME = LaunchImage;
				GCC_PRECOMPILE_PREFIX_HEADER = YES;
				GCC_PREFIX_HEADER = "SortDescriptor/SortDescriptor-Prefix.pch";
				INFOPLIST_FILE = "SortDescriptor/SortDescriptor-Info.plist";
				PRODUCT_NAME = "$(TARGET_NAME)";
				WRAPPER_EXTENSION = app;
			};
			name = Release;
		};
		D2F3CF73193FD37600618D63 /* Debug */ = {
			isa = XCBuildConfiguration;
			buildSettings = {
				BUNDLE_LOADER = "$(BUILT_PRODUCTS_DIR)/SortDescriptor.app/SortDescriptor";
				FRAMEWORK_SEARCH_PATHS = (
					"$(SDKROOT)/Developer/Library/Frameworks",
					"$(inherited)",
					"$(DEVELOPER_FRAMEWORKS_DIR)",
				);
				GCC_PRECOMPILE_PREFIX_HEADER = YES;
				GCC_PREFIX_HEADER = "SortDescriptor/SortDescriptor-Prefix.pch";
				GCC_PREPROCESSOR_DEFINITIONS = (
					"DEBUG=1",
					"$(inherited)",
				);
				INFOPLIST_FILE = "SortDescriptorTests/SortDescriptorTests-Info.plist";
				PRODUCT_NAME = "$(TARGET_NAME)";
				TEST_HOST = "$(BUNDLE_LOADER)";
				WRAPPER_EXTENSION = xctest;
			};
			name = Debug;
		};
		D2F3CF74193FD37600618D63 /* Release */ = {
			isa = XCBuildConfiguration;
			buildSettings = {
				BUNDLE_LOADER = "$(BUILT_PRODUCTS_DIR)/SortDescriptor.app/SortDescriptor";
				FRAMEWORK_SEARCH_PATHS = (
					"$(SDKROOT)/Developer/Library/Frameworks",
					"$(inherited)",
					"$(DEVELOPER_FRAMEWORKS_DIR)",
				);
				GCC_PRECOMPILE_PREFIX_HEADER = YES;
				GCC_PREFIX_HEADER = "SortDescriptor/SortDescriptor-Prefix.pch";
				INFOPLIST_FILE = "SortDescriptorTests/SortDescriptorTests-Info.plist";
				PRODUCT_NAME = "$(TARGET_NAME)";
				TEST_HOST = "$(BUNDLE_LOADER)";
				WRAPPER_EXTENSION = xctest;
			};
			name = Release;
		};
/* End XCBuildConfiguration section */

/* Begin XCConfigurationList section */
		D2F3CF3E193FD37600618D63 /* Build configuration list for PBXProject "SortDescriptor" */ = {
			isa = XCConfigurationList;
			buildConfigurations = (
				D2F3CF6D193FD37600618D63 /* Debug */,
				D2F3CF6E193FD37600618D63 /* Release */,
			);
			defaultConfigurationIsVisible = 0;
			defaultConfigurationName = Release;
		};
		D2F3CF6F193FD37600618D63 /* Build configuration list for PBXNativeTarget "SortDescriptor" */ = {
			isa = XCConfigurationList;
			buildConfigurations = (
				D2F3CF70193FD37600618D63 /* Debug */,
				D2F3CF71193FD37600618D63 /* Release */,
			);
			defaultConfigurationIsVisible = 0;
		};
		D2F3CF72193FD37600618D63 /* Build configuration list for PBXNativeTarget "SortDescriptorTests" */ = {
			isa = XCConfigurationList;
			buildConfigurations = (
				D2F3CF73193FD37600618D63 /* Debug */,
				D2F3CF74193FD37600618D63 /* Release */,
			);
			defaultConfigurationIsVisible = 0;
		};
/* End XCConfigurationList section */
	};
	rootObject = D2F3CF3B193FD37600618D63 /* Project object */;
}
